
Microsoft Visual Studio Solution File, Format Version 12.00
# Visual Studio 15
Project("{FAE04EC0-301F-11D3-BF4B-00C04F79EFBC}") = "Assembly-CSharp", "Assembly-CSharp.csproj", "{210FF661-25D9-05D4-E800-0FBDCE6D0527}"
EndProject
Project("{FAE04EC0-301F-11D3-BF4B-00C04F79EFBC}") = "Assembly-CSharp-Editor-firstpass", "Assembly-CSharp-Editor-firstpass.csproj", "{0DD46C26-61AA-2C2F-24C2-8BF8633848D8}"
EndProject
Global
	GlobalSection(SolutionConfigurationPlatforms) = preSolution
		Debug|Any CPU = Debug|Any CPU
		Release|Any CPU = Release|Any CPU
	EndGlobalSection
	GlobalSection(ProjectConfigurationPlatforms) = postSolution
		{210FF661-25D9-05D4-E800-0FBDCE6D0527}.Debug|Any CPU.ActiveCfg = Debug|Any CPU
		{210FF661-25D9-05D4-E800-0FBDCE6D0527}.Debug|Any CPU.Build.0 = Debug|Any CPU
		{210FF661-25D9-05D4-E800-0FBDCE6D0527}.Release|Any CPU.ActiveCfg = Release|Any CPU
		{210FF661-25D9-05D4-E800-0FBDCE6D0527}.Release|Any CPU.Build.0 = Release|Any CPU
		{0DD46C26-61AA-2C2F-24C2-8BF8633848D8}.Debug|Any CPU.ActiveCfg = Debug|Any CPU
		{0DD46C26-61AA-2C2F-24C2-8BF8633848D8}.Debug|Any CPU.Build.0 = Debug|Any CPU
		{0DD46C26-61AA-2C2F-24C2-8BF8633848D8}.Release|Any CPU.ActiveCfg = Release|Any CPU
		{0DD46C26-61AA-2C2F-24C2-8BF8633848D8}.Release|Any CPU.Build.0 = Release|Any CPU
	EndGlobalSection
	GlobalSection(SolutionProperties) = preSolution
		HideSolutionNode = FALSE
	EndGlobalSection
EndGlobal
